Microsoft Visual Studio Solution File, Format Version 12.00
# Visual Studio Version 17
VisualStudioVersion = 17.0.31903.59
MinimumVisualStudioVersion = 10.0.40219.1
Project("{FAE04EC0-301F-11D3-BF4B-00C04F79EFBC}") = "Nri.Shared", "Nri.Shared\Nri.Shared.csproj", "{B344B58A-8B6C-411F-8BF9-CE9245D03230}"
EndProject
Project("{FAE04EC0-301F-11D3-BF4B-00C04F79EFBC}") = "Nri.Server", "Nri.Server\Nri.Server.csproj", "{6B38760A-BCF9-4EE2-A954-FC0E4908510A}"
EndProject
Project("{FAE04EC0-301F-11D3-BF4B-00C04F79EFBC}") = "Nri.AdminClient", "Nri.AdminClient\Nri.AdminClient.csproj", "{5C73B160-415D-4565-ADE5-EEEB82905A99}"
EndProject
Project("{FAE04EC0-301F-11D3-BF4B-00C04F79EFBC}") = "Nri.PlayerClient", "Nri.PlayerClient\Nri.PlayerClient.csproj", "{28BEA5E9-9F99-42E1-90C1-742595AE5682}"
EndProject
Project("{FAE04EC0-301F-11D3-BF4B-00C04F79EFBC}") = "Nri.Updater", "Nri.Updater\Nri.Updater.csproj", "{CA50869A-6A84-4256-85F5-7902DB3AC6FE}"
EndProject
Project("{FAE04EC0-301F-11D3-BF4B-00C04F79EFBC}") = "Nri.ChatClient", "Nri.ChatClient\Nri.ChatClient.csproj", "{30FEBBDE-9346-420F-B56E-E98E2DF5EEE5}"
EndProject
Global
	GlobalSection(SolutionConfigurationPlatforms) = preSolution
		Debug|Any CPU = Debug|Any CPU
		Release|Any CPU = Release|Any CPU
	EndGlobalSection
	GlobalSection(ProjectConfigurationPlatforms) = postSolution
		{B344B58A-8B6C-411F-8BF9-CE9245D03230}.Debug|Any CPU.ActiveCfg = Debug|Any CPU
		{B344B58A-8B6C-411F-8BF9-CE9245D03230}.Debug|Any CPU.Build.0 = Debug|Any CPU
		{B344B58A-8B6C-411F-8BF9-CE9245D03230}.Release|Any CPU.ActiveCfg = Release|Any CPU
		{B344B58A-8B6C-411F-8BF9-CE9245D03230}.Release|Any CPU.Build.0 = Release|Any CPU
		{6B38760A-BCF9-4EE2-A954-FC0E4908510A}.Debug|Any CPU.ActiveCfg = Debug|Any CPU
		{6B38760A-BCF9-4EE2-A954-FC0E4908510A}.Debug|Any CPU.Build.0 = Debug|Any CPU
		{6B38760A-BCF9-4EE2-A954-FC0E4908510A}.Release|Any CPU.ActiveCfg = Release|Any CPU
		{6B38760A-BCF9-4EE2-A954-FC0E4908510A}.Release|Any CPU.Build.0 = Release|Any CPU
		{5C73B160-415D-4565-ADE5-EEEB82905A99}.Debug|Any CPU.ActiveCfg = Debug|Any CPU
		{5C73B160-415D-4565-ADE5-EEEB82905A99}.Debug|Any CPU.Build.0 = Debug|Any CPU
		{5C73B160-415D-4565-ADE5-EEEB82905A99}.Release|Any CPU.ActiveCfg = Release|Any CPU
		{5C73B160-415D-4565-ADE5-EEEB82905A99}.Release|Any CPU.Build.0 = Release|Any CPU
		{28BEA5E9-9F99-42E1-90C1-742595AE5682}.Debug|Any CPU.ActiveCfg = Debug|Any CPU
		{28BEA5E9-9F99-42E1-90C1-742595AE5682}.Debug|Any CPU.Build.0 = Debug|Any CPU
		{28BEA5E9-9F99-42E1-90C1-742595AE5682}.Release|Any CPU.ActiveCfg = Release|Any CPU
		{28BEA5E9-9F99-42E1-90C1-742595AE5682}.Release|Any CPU.Build.0 = Release|Any CPU
		{CA50869A-6A84-4256-85F5-7902DB3AC6FE}.Debug|Any CPU.ActiveCfg = Debug|Any CPU
		{CA50869A-6A84-4256-85F5-7902DB3AC6FE}.Debug|Any CPU.Build.0 = Debug|Any CPU
		{CA50869A-6A84-4256-85F5-7902DB3AC6FE}.Release|Any CPU.ActiveCfg = Release|Any CPU
		{CA50869A-6A84-4256-85F5-7902DB3AC6FE}.Release|Any CPU.Build.0 = Release|Any CPU
		{30FEBBDE-9346-420F-B56E-E98E2DF5EEE5}.Debug|Any CPU.ActiveCfg = Debug|Any CPU
		{30FEBBDE-9346-420F-B56E-E98E2DF5EEE5}.Debug|Any CPU.Build.0 = Debug|Any CPU
		{30FEBBDE-9346-420F-B56E-E98E2DF5EEE5}.Release|Any CPU.ActiveCfg = Release|Any CPU
		{30FEBBDE-9346-420F-B56E-E98E2DF5EEE5}.Release|Any CPU.Build.0 = Release|Any CPU
	EndGlobalSection
	GlobalSection(SolutionProperties) = preSolution
		HideSolutionNode = FALSE
	EndGlobalSection
EndGlobal
